github.com/davecgh/go-spew v1.1.0/go.mod h1:J7Y8YcW2NihsgmVo/mv3lAwl/skON4iLHjSsI+c5H38=
github.com/davecgh/go-spew v1.1.1/go.mod h1:J7Y8YcW2NihsgmVo/mv3lAwl/skON4iLHjSsI+c5H38=
github.com/gobuffalo/envy v1.8.1 h1:RUr68liRvs0TS1D5qdW3mQv2SjAsu1QWMCx1tG4kDjs=
github.com/gobuffalo/envy v1.8.1/go.mod h1:FurDp9+EDPE4aIUS3ZLyD+7/9fpx7YRt/ukY6jIHf0w=
github.com/joho/godotenv v1.3.0 h1:Zjp+RcGpHhGlrMbJzXTrZZPrWj+1vfm90La1wgB6Bhc=
github.com/joho/godotenv v1.3.0/go.mod h1:7hK45KPybAkOC6peb+G5yklZfMxEjkZhHbwpqxOKXbg=
github.com/kr/pretty v0.1.0/go.mod h1:dAy3ld7l9f0ibDNOQOHHMYYIIbhfbHSm3C4ZsoJORNo=
github.com/kr/pty v1.1.1/go.mod h1:pFQYn66WHrOpPYNljwOMqo10TkYh1fy3cYio2l3bCsQ=
github.com/kr/text v0.1.0/go.mod h1:4Jbv+DJW3UT/LiOwJeYQe1efqtUx/iVham/4vfdArNI=
github.com/mailgun/mailgun-go v2.0.0+incompatible h1:0FoRHWwMUctnd8KIR3vtZbqdfjpIMxOZgcSa51s8F8o=
github.com/mailgun/mailgun-go v2.0.0+incompatible/go.mod h1:NWTyU+O4aczg/nsGhQnvHL6v2n5Gy6Sv5tNDVvC6FbU=
github.com/pkg/errors v0.8.1 h1:iURUrRGxPUNPdy5/HRSm+Yj6okJ6UtLINN0Q9M4+h3I=
github.com/pkg/errors v0.8.1/go.mod h1:bwawxfHBFNV+L2hUp1rHADufV3IMtnDRdf1r5NINEl0=
github.com/pmezard/go-difflib v1.0.0/go.mod h1:iKH77koFhYxTK1pcRnkKkqfTogsbg7gZNVY4sRDYZ/4=
github.com/rogpeppe/go-internal v1.3.2 h1:XU784Pr0wdahMY2bYcyK6N1KuaRAdLtqD4qd8D18Bfs=
github.com/rogpeppe/go-internal v1.3.2/go.mod h1:xXDCJY+GAPziupqXw64V24skbSoqbTEfhy4qGm1nDQc=
github.com/stretchr/objx v0.1.0/go.mod h1:HFkY916IF+rwdDfMAkV7OtwuqBVzrE8GR6GFx+wExME=
github.com/stretchr/testify v1.4.0/go.mod h1:j7eGeouHqKxXV5pUuKE4zz7dFj8WfuZ+81PSLYec5m4=
gitlab.com/hooksie1/excuses v0.0.0-20191218215846-cbe30aab8710 h1:Lb0kO1Lthj5mX4LAYXFwamIk2Stwq6z9Ov/5qzeXSf0=
gitlab.com/hooksie1/excuses v0.0.0-20191218215846-cbe30aab8710/go.mod h1:AcgdZ6QDiUKDGNzAp6eUhgMqwLM8J6dT2mSgpbkkjpw=
gitlab.com/hooksie1/excuses v0.0.0-20191219231355-1cbcbd0e6fb1 h1:6IAPfxMzSLiMWoNqLBhpqoGx4u+g82vmexQs4xI9U/U=
gitlab.com/hooksie1/excuses v0.0.0-20191219231355-1cbcbd0e6fb1/go.mod h1:AcgdZ6QDiUKDGNzAp6eUhgMqwLM8J6dT2mSgpbkkjpw=
gitlab.com/hooksie1/excuses v0.0.0-20191219232632-8b321d906099 h1:WgZHhCSMvFqpIIQgskx3Fx7iSaj5/94cGb7OtrfRpXo=
gitlab.com/hooksie1/excuses v0.0.0-20191219232632-8b321d906099/go.mod h1:AcgdZ6QDiUKDGNzAp6eUhgMqwLM8J6dT2mSgpbkkjpw=
gitlab.com/hooksie1/excuses v0.0.0-20191219233613-21826b9d0385 h1:F5CAA4mle0pcnAcU4BrBGnsdnIULAUGI8tpItW97zDs=
gitlab.com/hooksie1/excuses v0.0.0-20191219233613-21826b9d0385/go.mod h1:AcgdZ6QDiUKDGNzAp6eUhgMqwLM8J6dT2mSgpbkkjpw=
gopkg.in/check.v1 v0.0.0-20161208181325-20d25e280405/go.mod h1:Co6ibVJAznAaIkqp8huTwlJQCZ016jof/cbN4VW5Yz0=
gopkg.in/check.v1 v1.0.0-20180628173108-788fd7840127/go.mod h1:Co6ibVJAznAaIkqp8huTwlJQCZ016jof/cbN4VW5Yz0=
gopkg.in/errgo.v2 v2.1.0/go.mod h1:hNsd1EY+bozCKY1Ytp96fpM3vjJbqLJn88ws8XvfDNI=
gopkg.in/yaml.v2 v2.2.2/go.mod h1:hI93XBmqTisBFMUTm0b8Fm+jr3Dg1NNxqwp+5A1VGuI=
