gitlab.com/hooksie1/excuses v0.0.0-20191218215846-cbe30aab8710 h1:Lb0kO1Lthj5mX4LAYXFwamIk2Stwq6z9Ov/5qzeXSf0=
gitlab.com/hooksie1/excuses v0.0.0-20191218215846-cbe30aab8710/go.mod h1:AcgdZ6QDiUKDGNzAp6eUhgMqwLM8J6dT2mSgpbkkjpw=
gitlab.com/hooksie1/excuses v0.0.0-20191219231355-1cbcbd0e6fb1 h1:6IAPfxMzSLiMWoNqLBhpqoGx4u+g82vmexQs4xI9U/U=
gitlab.com/hooksie1/excuses v0.0.0-20191219231355-1cbcbd0e6fb1/go.mod h1:AcgdZ6QDiUKDGNzAp6eUhgMqwLM8J6dT2mSgpbkkjpw=
